{"1.1.0",
[{<<"certifi">>,{pkg,<<"certifi">>,<<"0.4.0">>},1},
 {<<"cowboy">>,
  {git,"https://github.com/extend/cowboy.git",
       {ref,"d08c2ab39d38c181abda279d5c2cadfac33a50c1"}},
  0},
 {<<"cowlib">>,
  {git,"https://github.com/ninenines/cowlib.git",
       {ref,"d544a494af4dbc810fc9c15eaf5cc050cced1501"}},
  1},
 {<<"hackney">>,
  {git,"https://github.com/benoitc/hackney.git",
       {ref,"66a53291d3fef4f46f7baa99016725c7659aa022"}},
  0},
 {<<"idna">>,{pkg,<<"idna">>,<<"1.2.0">>},1},
 {<<"jiffy">>,
  {git,"https://github.com/davisp/jiffy.git",
       {ref,"7602deef034527c136b3bebc006b91ee87e785b4"}},
  0},
 {<<"metrics">>,{pkg,<<"metrics">>,<<"1.0.1">>},1},
 {<<"mimerl">>,{pkg,<<"mimerl">>,<<"1.0.2">>},1},
 {<<"ranch">>,
  {git,"https://github.com/ninenines/ranch.git",
       {ref,"adf1822defc2b7cfdc7aca112adabfa1d614043c"}},
  1},
 {<<"ssl_verify_fun">>,{pkg,<<"ssl_verify_fun">>,<<"1.1.0">>},1}]}.
[
{pkg_hash,[
 {<<"certifi">>, <<"A7966EFB868B179023618D29A407548F70C52466BF1849B9E8EBD0E34B7EA11F">>},
 {<<"idna">>, <<"AC62EE99DA068F43C50DC69ACF700E03A62A348360126260E87F2B54ECED86B2">>},
 {<<"metrics">>, <<"25F094DEA2CDA98213CECC3AEFF09E940299D950904393B2A29D191C346A8486">>},
 {<<"mimerl">>, <<"993F9B0E084083405ED8252B99460C4F0563E41729AB42D9074FD5E52439BE88">>},
 {<<"ssl_verify_fun">>, <<"EDEE20847C42E379BF91261DB474FFBE373F8ACB56E9079ACB6038D4E0BF414F">>}]}
].
